
Microsoft Visual Studio Solution File, Format Version 12.00
# Visual Studio Version 17
VisualStudioVersion = 17.7.34031.279
MinimumVisualStudioVersion = 10.0.40219.1
Project("{9A19103F-16F7-4668-BE54-9A1E7A4F7556}") = "Demo", "Demo\Demo.csproj", "{0AAAF3EF-7FD2-4EC4-ACE9-7703EF2B53FD}"
EndProject
Project("{9A19103F-16F7-4668-BE54-9A1E7A4F7556}") = "Algorithms", "Algorithms\Algorithms.csproj", "{580B4F75-1085-45E6-ADFA-CBE72008992F}"
EndProject
Project("{9A19103F-16F7-4668-BE54-9A1E7A4F7556}") = "Domain", "Domain\Domain.csproj", "{AD2C2A9C-0269-45F7-B14A-A4CB54C941C2}"
EndProject
Global
	GlobalSection(SolutionConfigurationPlatforms) = preSolution
		Debug|Any CPU = Debug|Any CPU
		Release|Any CPU = Release|Any CPU
	EndGlobalSection
	GlobalSection(ProjectConfigurationPlatforms) = postSolution
		{0AAAF3EF-7FD2-4EC4-ACE9-7703EF2B53FD}.Debug|Any CPU.ActiveCfg = Debug|Any CPU
		{0AAAF3EF-7FD2-4EC4-ACE9-7703EF2B53FD}.Debug|Any CPU.Build.0 = Debug|Any CPU
		{0AAAF3EF-7FD2-4EC4-ACE9-7703EF2B53FD}.Release|Any CPU.ActiveCfg = Release|Any CPU
		{0AAAF3EF-7FD2-4EC4-ACE9-7703EF2B53FD}.Release|Any CPU.Build.0 = Release|Any CPU
		{580B4F75-1085-45E6-ADFA-CBE72008992F}.Debug|Any CPU.ActiveCfg = Debug|Any CPU
		{580B4F75-1085-45E6-ADFA-CBE72008992F}.Debug|Any CPU.Build.0 = Debug|Any CPU
		{580B4F75-1085-45E6-ADFA-CBE72008992F}.Release|Any CPU.ActiveCfg = Release|Any CPU
		{580B4F75-1085-45E6-ADFA-CBE72008992F}.Release|Any CPU.Build.0 = Release|Any CPU
		{AD2C2A9C-0269-45F7-B14A-A4CB54C941C2}.Debug|Any CPU.ActiveCfg = Debug|Any CPU
		{AD2C2A9C-0269-45F7-B14A-A4CB54C941C2}.Debug|Any CPU.Build.0 = Debug|Any CPU
		{AD2C2A9C-0269-45F7-B14A-A4CB54C941C2}.Release|Any CPU.ActiveCfg = Release|Any CPU
		{AD2C2A9C-0269-45F7-B14A-A4CB54C941C2}.Release|Any CPU.Build.0 = Release|Any CPU
	EndGlobalSection
	GlobalSection(SolutionProperties) = preSolution
		HideSolutionNode = FALSE
	EndGlobalSection
	GlobalSection(ExtensibilityGlobals) = postSolution
		SolutionGuid = {44BC25D6-7EE6-4ABA-B4B1-26A10F56CAA1}
	EndGlobalSection
EndGlobal
